
Microsoft Visual Studio Solution File, Format Version 12.00
# Visual Studio Version 17
VisualStudioVersion = 17.11.35303.130
MinimumVisualStudioVersion = 10.0.40219.1
Project("{9A19103F-16F7-4668-BE54-9A1E7A4F7556}") = "C2K2DP_HSZF_2024251.Application", "C2K2DP_HSZF_2024251.Application\C2K2DP_HSZF_2024251.Application.csproj", "{1C566080-600D-4916-AB2A-5DB3F255877C}"
EndProject
Project("{9A19103F-16F7-4668-BE54-9A1E7A4F7556}") = "C2K2DP_HSZF_2024251.Model", "C2K2DP_HSZF_2024251.Model\C2K2DP_HSZF_2024251.Model.csproj", "{D818A6B9-7C0A-4B82-9DA4-D7A599DA9E1B}"
EndProject
Project("{9A19103F-16F7-4668-BE54-9A1E7A4F7556}") = "C2K2DP_HSZF_2024251.Persistence.MsSql", "C2K2DP_HSZF_2024251.Persistence.MsSql\C2K2DP_HSZF_2024251.Persistence.MsSql.csproj", "{7DF153A5-9E1B-45DB-B325-E1BAF3407A2E}"
EndProject
Project("{9A19103F-16F7-4668-BE54-9A1E7A4F7556}") = "C2K2DP_HSZF_2024251.Test", "C2K2DP_HSZF_2024251.Test\C2K2DP_HSZF_2024251.Test.csproj", "{1D61A685-DA24-423E-9281-22B8E46613D2}"
EndProject
Project("{2150E333-8FDC-42A3-9474-1A3956D46DE8}") = "Application", "Application", "{A979A549-B8DF-42EE-B927-22F99DD13AC1}"
EndProject
Project("{2150E333-8FDC-42A3-9474-1A3956D46DE8}") = "Domain", "Domain", "{41EA919D-D1FF-489A-AC2E-541147E114EF}"
EndProject
Project("{2150E333-8FDC-42A3-9474-1A3956D46DE8}") = "Infrastructure", "Infrastructure", "{5A690661-F18B-438F-ACA9-738B4DFCB6C3}"
EndProject
Project("{2150E333-8FDC-42A3-9474-1A3956D46DE8}") = "Presentation", "Presentation", "{9717F905-7FA1-480C-889F-BD3FF3899B71}"
EndProject
Project("{2150E333-8FDC-42A3-9474-1A3956D46DE8}") = "Tests", "Tests", "{161CB7DD-EFCD-4D71-B256-19AA000A6009}"
EndProject
Project("{FAE04EC0-301F-11D3-BF4B-00C04F79EFBC}") = "C2K2DP_HSZF_2024251.Console", "C2K2DP_HSZF_2024251\C2K2DP_HSZF_2024251.Console.csproj", "{73ED7CD1-D2AA-4DAD-8C7C-945BDE6A51AB}"
EndProject
Global
	GlobalSection(SolutionConfigurationPlatforms) = preSolution
		Debug|Any CPU = Debug|Any CPU
		Release|Any CPU = Release|Any CPU
	EndGlobalSection
	GlobalSection(ProjectConfigurationPlatforms) = postSolution
		{1C566080-600D-4916-AB2A-5DB3F255877C}.Debug|Any CPU.ActiveCfg = Debug|Any CPU
		{1C566080-600D-4916-AB2A-5DB3F255877C}.Debug|Any CPU.Build.0 = Debug|Any CPU
		{1C566080-600D-4916-AB2A-5DB3F255877C}.Release|Any CPU.ActiveCfg = Release|Any CPU
		{1C566080-600D-4916-AB2A-5DB3F255877C}.Release|Any CPU.Build.0 = Release|Any CPU
		{D818A6B9-7C0A-4B82-9DA4-D7A599DA9E1B}.Debug|Any CPU.ActiveCfg = Debug|Any CPU
		{D818A6B9-7C0A-4B82-9DA4-D7A599DA9E1B}.Debug|Any CPU.Build.0 = Debug|Any CPU
		{D818A6B9-7C0A-4B82-9DA4-D7A599DA9E1B}.Release|Any CPU.ActiveCfg = Release|Any CPU
		{D818A6B9-7C0A-4B82-9DA4-D7A599DA9E1B}.Release|Any CPU.Build.0 = Release|Any CPU
		{7DF153A5-9E1B-45DB-B325-E1BAF3407A2E}.Debug|Any CPU.ActiveCfg = Debug|Any CPU
		{7DF153A5-9E1B-45DB-B325-E1BAF3407A2E}.Debug|Any CPU.Build.0 = Debug|Any CPU
		{7DF153A5-9E1B-45DB-B325-E1BAF3407A2E}.Release|Any CPU.ActiveCfg = Release|Any CPU
		{7DF153A5-9E1B-45DB-B325-E1BAF3407A2E}.Release|Any CPU.Build.0 = Release|Any CPU
		{1D61A685-DA24-423E-9281-22B8E46613D2}.Debug|Any CPU.ActiveCfg = Debug|Any CPU
		{1D61A685-DA24-423E-9281-22B8E46613D2}.Debug|Any CPU.Build.0 = Debug|Any CPU
		{1D61A685-DA24-423E-9281-22B8E46613D2}.Release|Any CPU.ActiveCfg = Release|Any CPU
		{1D61A685-DA24-423E-9281-22B8E46613D2}.Release|Any CPU.Build.0 = Release|Any CPU
		{73ED7CD1-D2AA-4DAD-8C7C-945BDE6A51AB}.Debug|Any CPU.ActiveCfg = Debug|Any CPU
		{73ED7CD1-D2AA-4DAD-8C7C-945BDE6A51AB}.Debug|Any CPU.Build.0 = Debug|Any CPU
		{73ED7CD1-D2AA-4DAD-8C7C-945BDE6A51AB}.Release|Any CPU.ActiveCfg = Release|Any CPU
		{73ED7CD1-D2AA-4DAD-8C7C-945BDE6A51AB}.Release|Any CPU.Build.0 = Release|Any CPU
	EndGlobalSection
	GlobalSection(SolutionProperties) = preSolution
		HideSolutionNode = FALSE
	EndGlobalSection
	GlobalSection(NestedProjects) = preSolution
		{1C566080-600D-4916-AB2A-5DB3F255877C} = {A979A549-B8DF-42EE-B927-22F99DD13AC1}
		{D818A6B9-7C0A-4B82-9DA4-D7A599DA9E1B} = {41EA919D-D1FF-489A-AC2E-541147E114EF}
		{7DF153A5-9E1B-45DB-B325-E1BAF3407A2E} = {5A690661-F18B-438F-ACA9-738B4DFCB6C3}
		{1D61A685-DA24-423E-9281-22B8E46613D2} = {161CB7DD-EFCD-4D71-B256-19AA000A6009}
		{73ED7CD1-D2AA-4DAD-8C7C-945BDE6A51AB} = {9717F905-7FA1-480C-889F-BD3FF3899B71}
	EndGlobalSection
	GlobalSection(ExtensibilityGlobals) = postSolution
		SolutionGuid = {FDE50C1C-A77E-421B-B096-1CD16F2CF324}
	EndGlobalSection
EndGlobal
